// !$*UTF8*$!
{
	archiveVersion = 1;
	classes = {
	};
	objectVersion = 46;
	objects = {

/* Begin PBXBuildFile section */
		CB2CA1991D0FB649001EC6CF /* AppDelegate.swift in Sources */ = {isa = PBXBuildFile; fileRef = CB2CA1981D0FB649001EC6CF /* AppDelegate.swift */; };
		CB2CA19B1D0FB649001EC6CF /* ViewController.swift in Sources */ = {isa = PBXBuildFile; fileRef = CB2CA19A1D0FB649001EC6CF /* ViewController.swift */; };
		CB2CA19E1D0FB649001EC6CF /* Main.storyboard in Resources */ = {isa = PBXBuildFile; fileRef = CB2CA19C1D0FB649001EC6CF /* Main.storyboard */; };
		CB2CA1A01D0FB649001EC6CF /* Assets.xcassets in Resources */ = {isa = PBXBuildFile; fileRef = CB2CA19F1D0FB649001EC6CF /* Assets.xcassets */; };
		CB2CA1A31D0FB649001EC6CF /* LaunchScreen.storyboard in Resources */ = {isa = PBXBuildFile; fileRef = CB2CA1A11D0FB649001EC6CF /* LaunchScreen.storyboard */; };
/* End PBXBuildFile section */

/* Begin PBXFileReference section */
		CB2CA1951D0FB649001EC6CF /* MyCloudIM.app */ = {isa = PBXFileReference; explicitFileType = wrapper.application; includeInIndex = 0; path = MyCloudIM.app; sourceTree = BUILT_PRODUCTS_DIR; };
		CB2CA1981D0FB649001EC6CF /* AppDelegate.swift */ = {isa = PBXFileReference; lastKnownFileType = sourcecode.swift; path = AppDelegate.swift; sourceTree = "<group>"; };
		CB2CA19A1D0FB649001EC6CF /* ViewController.swift */ = {isa = PBXFileReference; lastKnownFileType = sourcecode.swift; path = ViewController.swift; sourceTree = "<group>"; };
		CB2CA19D1D0FB649001EC6CF /* Base */ = {isa = PBXFileReference; lastKnownFileType = file.storyboard; name = Base; path = Base.lproj/Main.storyboard; sourceTree = "<group>"; };
		CB2CA19F1D0FB649001EC6CF /* Assets.xcassets */ = {isa = PBXFileReference; lastKnownFileType = folder.assetcatalog; path = Assets.xcassets; sourceTree = "<group>"; };
		CB2CA1A21D0FB649001EC6CF /* Base */ = {isa = PBXFileReference; lastKnownFileType = file.storyboard; name = Base; path = Base.lproj/LaunchScreen.storyboard; sourceTree = "<group>"; };
		CB2CA1A41D0FB649001EC6CF /* Info.plist */ = {isa = PBXFileReference; lastKnownFileType = text.plist.xml; path = Info.plist; sourceTree = "<group>"; };
/* End PBXFileReference section */

/* Begin PBXFrameworksBuildPhase section */
		CB2CA1921D0FB649001EC6CF /* Frameworks */ = {
			isa = PBXFrameworksBuildPhase;
			buildActionMask = 2147483647;
			files = (
			);
			runOnlyForDeploymentPostprocessing = 0;
		};
/* End PBXFrameworksBuildPhase section */

/* Begin PBXGroup section */
		CB2CA18C1D0FB649001EC6CF = {
			isa = PBXGroup;
			children = (
				CB2CA1971D0FB649001EC6CF /* MyCloudIM */,
				CB2CA1961D0FB649001EC6CF /* Products */,
			);
			sourceTree = "<group>";
		};
		CB2CA1961D0FB649001EC6CF /* Products */ = {
			isa = PBXGroup;
			children = (
				CB2CA1951D0FB649001EC6CF /* MyCloudIM.app */,
			);
			name = Products;
			sourceTree = "<group>";
		};
		CB2CA1971D0FB649001EC6CF /* MyCloudIM */ = {
			isa = PBXGroup;
			children = (
				CB2CA1981D0FB649001EC6CF /* AppDelegate.swift */,
				CB2CA19A1D0FB649001EC6CF /* ViewController.swift */,
				CB2CA19C1D0FB649001EC6CF /* Main.storyboard */,
				CB2CA19F1D0FB649001EC6CF /* Assets.xcassets */,
				CB2CA1A11D0FB649001EC6CF /* LaunchScreen.storyboard */,
				CB2CA1A41D0FB649001EC6CF /* Info.plist */,
			);
			path = MyCloudIM;
			sourceTree = "<group>";
		};
/* End PBXGroup section */

/* Begin PBXNativeTarget section */
		CB2CA1941D0FB649001EC6CF /* MyCloudIM */ = {
			isa = PBXNativeTarget;
			buildConfigurationList = CB2CA1A71D0FB649001EC6CF /* Build configuration list for PBXNativeTarget "MyCloudIM" */;
			buildPhases = (
				CB2CA1911D0FB649001EC6CF /* Sources */,
				CB2CA1921D0FB649001EC6CF /* Frameworks */,
				CB2CA1931D0FB649001EC6CF /* Resources */,
			);
			buildRules = (
			);
			dependencies = (
			);
			name = MyCloudIM;
			productName = MyCloudIM;
			productReference = CB2CA1951D0FB649001EC6CF /* MyCloudIM.app */;
			productType = "com.apple.product-type.application";
		};
/* End PBXNativeTarget section */

/* Begin PBXProject section */
		CB2CA18D1D0FB649001EC6CF /* Project object */ = {
			isa = PBXProject;
			attributes = {
				LastSwiftUpdateCheck = 0730;
				LastUpgradeCheck = 0730;
				ORGANIZATIONNAME = gsunis;
				TargetAttributes = {
					CB2CA1941D0FB649001EC6CF = {
						CreatedOnToolsVersion = 7.3.1;
						DevelopmentTeam = W7V5DQXFK8;
					};
				};
			};
			buildConfigurationList = CB2CA1901D0FB649001EC6CF /* Build configuration list for PBXProject "MyCloudIM" */;
			compatibilityVersion = "Xcode 3.2";
			developmentRegion = English;
			hasScannedForEncodings = 0;
			knownRegions = (
				en,
				Base,
			);
			mainGroup = CB2CA18C1D0FB649001EC6CF;
			productRefGroup = CB2CA1961D0FB649001EC6CF /* Products */;
			projectDirPath = "";
			projectRoot = "";
			targets = (
				CB2CA1941D0FB649001EC6CF /* MyCloudIM */,
			);
		};
/* End PBXProject section */

/* Begin PBXResourcesBuildPhase section */
		CB2CA1931D0FB649001EC6CF /* Resources */ = {
			isa = PBXResourcesBuildPhase;
			buildActionMask = 2147483647;
			files = (
				CB2CA1A31D0FB649001EC6CF /* LaunchScreen.storyboard in Resources */,
				CB2CA1A01D0FB649001EC6CF /* Assets.xcassets in Resources */,
				CB2CA19E1D0FB649001EC6CF /* Main.storyboard in Resources */,
			);
			runOnlyForDeploymentPostprocessing = 0;
		};
/* End PBXResourcesBuildPhase section */

/* Begin PBXSourcesBuildPhase section */
		CB2CA1911D0FB649001EC6CF /* Sources */ = {
			isa = PBXSourcesBuildPhase;
			buildActionMask = 2147483647;
			files = (
				CB2CA19B1D0FB649001EC6CF /* ViewController.swift in Sources */,
				CB2CA1991D0FB649001EC6CF /* AppDelegate.swift in Sources */,
			);
			runOnlyForDeploymentPostprocessing = 0;
		};
/* End PBXSourcesBuildPhase section */

/* Begin PBXVariantGroup section */
		CB2CA19C1D0FB649001EC6CF /* Main.storyboard */ = {
			isa = PBXVariantGroup;
			children = (
				CB2CA19D1D0FB649001EC6CF /* Base */,
			);
			name = Main.storyboard;
			sourceTree = "<group>";
		};
		CB2CA1A11D0FB649001EC6CF /* LaunchScreen.storyboard */ = {
			isa = PBXVariantGroup;
			children = (
				CB2CA1A21D0FB649001EC6CF /* Base */,
			);
			name = LaunchScreen.storyboard;
			sourceTree = "<group>";
		};
/* End PBXVariantGroup section */

/* Begin XCBuildConfiguration section */
		CB2CA1A51D0FB649001EC6CF /* Debug */ = {
			isa = XCBuildConfiguration;
			buildSettings = {
				ALWAYS_SEARCH_USER_PATHS = NO;
				CLANG_ANALYZER_NONNULL = YES;
				CLANG_CXX_LANGUAGE_STANDARD = "gnu++0x";
				CLANG_CXX_LIBRARY = "libc++";
				CLANG_ENABLE_MODULES = YES;
				CLANG_ENABLE_OBJC_ARC = YES;
				CLANG_WARN_BOOL_CONVERSION = YES;
				CLANG_WARN_CONSTANT_CONVERSION = YES;
				CLANG_WARN_DIRECT_OBJC_ISA_USAGE = YES_ERROR;
				CLANG_WARN_EMPTY_BODY = YES;
				CLANG_WARN_ENUM_CONVERSION = YES;
				CLANG_WARN_INT_CONVERSION = YES;
				CLANG_WARN_OBJC_ROOT_CLASS = YES_ERROR;
				CLANG_WARN_UNREACHABLE_CODE = YES;
				CLANG_WARN__DUPLICATE_METHOD_MATCH = YES;
				"CODE_SIGN_IDENTITY[sdk=iphoneos*]" = "iPhone Developer";
				COPY_PHASE_STRIP = NO;
				DEBUG_INFORMATION_FORMAT = dwarf;
				ENABLE_STRICT_OBJC_MSGSEND = YES;
				ENABLE_TESTABILITY = YES;
				GCC_C_LANGUAGE_STANDARD = gnu99;
				GCC_DYNAMIC_NO_PIC = NO;
				GCC_NO_COMMON_BLOCKS = YES;
				GCC_OPTIMIZATION_LEVEL = 0;
				GCC_PREPROCESSOR_DEFINITIONS = (
					"DEBUG=1",
					"$(inherited)",
				);
				GCC_WARN_64_TO_32_BIT_CONVERSION = YES;
				GCC_WARN_ABOUT_RETURN_TYPE = YES_ERROR;
				GCC_WARN_UNDECLARED_SELECTOR = YES;
				GCC_WARN_UNINITIALIZED_AUTOS = YES_AGGRESSIVE;
				GCC_WARN_UNUSED_FUNCTION = YES;
				GCC_WARN_UNUSED_VARIABLE = YES;
				IPHONEOS_DEPLOYMENT_TARGET = 9.3;
				MTL_ENABLE_DEBUG_INFO = YES;
				ONLY_ACTIVE_ARCH = YES;
				SDKROOT = iphoneos;
				SWIFT_OPTIMIZATION_LEVEL = "-Onone";
				TARGETED_DEVICE_FAMILY = "1,2";
			};
			name = Debug;
		};
		CB2CA1A61D0FB649001EC6CF /* Release */ = {
			isa = XCBuildConfiguration;
			buildSettings = {
				ALWAYS_SEARCH_USER_PATHS = NO;
				CLANG_ANALYZER_NONNULL = YES;
				CLANG_CXX_LANGUAGE_STANDARD = "gnu++0x";
				CLANG_CXX_LIBRARY = "libc++";
				CLANG_ENABLE_MODULES = YES;
				CLANG_ENABLE_OBJC_ARC = YES;
				CLANG_WARN_BOOL_CONVERSION = YES;
				CLANG_WARN_CONSTANT_CONVERSION = YES;
				CLANG_WARN_DIRECT_OBJC_ISA_USAGE = YES_ERROR;
				CLANG_WARN_EMPTY_BODY = YES;
				CLANG_WARN_ENUM_CONVERSION = YES;
				CLANG_WARN_INT_CONVERSION = YES;
				CLANG_WARN_OBJC_ROOT_CLASS = YES_ERROR;
				CLANG_WARN_UNREACHABLE_CODE = YES;
				CLANG_WARN__DUPLICATE_METHOD_MATCH = YES;
				"CODE_SIGN_IDENTITY[sdk=iphoneos*]" = "iPhone Developer";
				COPY_PHASE_STRIP = NO;
				DEBUG_INFORMATION_FORMAT = "dwarf-with-dsym";
				ENABLE_NS_ASSERTIONS = NO;
				ENABLE_STRICT_OBJC_MSGSEND = YES;
				GCC_C_LANGUAGE_STANDARD = gnu99;
				GCC_NO_COMMON_BLOCKS = YES;
				GCC_WARN_64_TO_32_BIT_CONVERSION = YES;
				GCC_WARN_ABOUT_RETURN_TYPE = YES_ERROR;
				GCC_WARN_UNDECLARED_SELECTOR = YES;
				GCC_WARN_UNINITIALIZED_AUTOS = YES_AGGRESSIVE;
				GCC_WARN_UNUSED_FUNCTION = YES;
				GCC_WARN_UNUSED_VARIABLE = YES;
				IPHONEOS_DEPLOYMENT_TARGET = 9.3;
				MTL_ENABLE_DEBUG_INFO = NO;
				SDKROOT = iphoneos;
				TARGETED_DEVICE_FAMILY = "1,2";
				VALIDATE_PRODUCT = YES;
			};
			name = Release;
		};
		CB2CA1A81D0FB649001EC6CF /* Debug */ = {
			isa = XCBuildConfiguration;
			buildSettings = {
				ASSETCATALOG_COMPILER_APPICON_NAME = AppIcon;
				INFOPLIST_FILE = MyCloudIM/Info.plist;
				LD_RUNPATH_SEARCH_PATHS = "$(inherited) @executable_path/Frameworks";
				PRODUCT_BUNDLE_IDENTIFIER = com.gsunis.MyCloudIM;
				PRODUCT_NAME = "$(TARGET_NAME)";
			};
			name = Debug;
		};
		CB2CA1A91D0FB649001EC6CF /* Release */ = {
			isa = XCBuildConfiguration;
			buildSettings = {
				ASSETCATALOG_COMPILER_APPICON_NAME = AppIcon;
				INFOPLIST_FILE = MyCloudIM/Info.plist;
				LD_RUNPATH_SEARCH_PATHS = "$(inherited) @executable_path/Frameworks";
				PRODUCT_BUNDLE_IDENTIFIER = com.gsunis.MyCloudIM;
				PRODUCT_NAME = "$(TARGET_NAME)";
			};
			name = Release;
		};
/* End XCBuildConfiguration section */

/* Begin XCConfigurationList section */
		CB2CA1901D0FB649001EC6CF /* Build configuration list for PBXProject "MyCloudIM" */ = {
			isa = XCConfigurationList;
			buildConfigurations = (
				CB2CA1A51D0FB649001EC6CF /* Debug */,
				CB2CA1A61D0FB649001EC6CF /* Release */,
			);
			defaultConfigurationIsVisible = 0;
			defaultConfigurationName = Release;
		};
		CB2CA1A71D0FB649001EC6CF /* Build configuration list for PBXNativeTarget "MyCloudIM" */ = {
			isa = XCConfigurationList;
			buildConfigurations = (
				CB2CA1A81D0FB649001EC6CF /* Debug */,
				CB2CA1A91D0FB649001EC6CF /* Release */,
			);
			defaultConfigurationIsVisible = 0;
		};
/* End XCConfigurationList section */
	};
	rootObject = CB2CA18D1D0FB649001EC6CF /* Project object */;
}
